
Microsoft Visual Studio Solution File, Format Version 12.00
# Visual Studio 2012
Project("{FAE04EC0-301F-11D3-BF4B-00C04F79EFBC}") = "VR2C Client", "VR2C Client\VR2C Client.csproj", "{68312A9B-0783-43DB-85FD-ED5E0E635476}"
EndProject
Global
	GlobalSection(SolutionConfigurationPlatforms) = preSolution
		Debug|Any CPU = Debug|Any CPU
		Release|Any CPU = Release|Any CPU
	EndGlobalSection
	GlobalSection(ProjectConfigurationPlatforms) = postSolution
		{68312A9B-0783-43DB-85FD-ED5E0E635476}.Debug|Any CPU.ActiveCfg = Debug|Any CPU
		{68312A9B-0783-43DB-85FD-ED5E0E635476}.Debug|Any CPU.Build.0 = Debug|Any CPU
		{68312A9B-0783-43DB-85FD-ED5E0E635476}.Release|Any CPU.ActiveCfg = Release|Any CPU
		{68312A9B-0783-43DB-85FD-ED5E0E635476}.Release|Any CPU.Build.0 = Release|Any CPU
	EndGlobalSection
	GlobalSection(SolutionProperties) = preSolution
		HideSolutionNode = FALSE
	EndGlobalSection
EndGlobal
